
Microsoft Visual Studio Solution File, Format Version 12.00
# Visual Studio Version 16
VisualStudioVersion = 16.0.30523.141
MinimumVisualStudioVersion = 10.0.40219.1
Project("{8BC9CEB8-8B4A-11D0-8D11-00A0C91BC942}") = "List-Practice", "List-Practice\List-Practice.vcxproj", "{9AAD37EF-04F5-43BF-B9D6-C2AAA9041648}"
EndProject
Global
	GlobalSection(SolutionConfigurationPlatforms) = preSolution
		Debug|x64 = Debug|x64
		Debug|x86 = Debug|x86
		Release|x64 = Release|x64
		Release|x86 = Release|x86
	EndGlobalSection
	GlobalSection(ProjectConfigurationPlatforms) = postSolution
		{9AAD37EF-04F5-43BF-B9D6-C2AAA9041648}.Debug|x64.ActiveCfg = Debug|x64
		{9AAD37EF-04F5-43BF-B9D6-C2AAA9041648}.Debug|x64.Build.0 = Debug|x64
		{9AAD37EF-04F5-43BF-B9D6-C2AAA9041648}.Debug|x86.ActiveCfg = Debug|Win32
		{9AAD37EF-04F5-43BF-B9D6-C2AAA9041648}.Debug|x86.Build.0 = Debug|Win32
		{9AAD37EF-04F5-43BF-B9D6-C2AAA9041648}.Release|x64.ActiveCfg = Release|x64
		{9AAD37EF-04F5-43BF-B9D6-C2AAA9041648}.Release|x64.Build.0 = Release|x64
		{9AAD37EF-04F5-43BF-B9D6-C2AAA9041648}.Release|x86.ActiveCfg = Release|Win32
		{9AAD37EF-04F5-43BF-B9D6-C2AAA9041648}.Release|x86.Build.0 = Release|Win32
	EndGlobalSection
	GlobalSection(SolutionProperties) = preSolution
		HideSolutionNode = FALSE
	EndGlobalSection
	GlobalSection(ExtensibilityGlobals) = postSolution
		SolutionGuid = {D041F706-7B09-453A-95E6-B7DD22090319}
	EndGlobalSection
EndGlobal
